
Microsoft Visual Studio Solution File, Format Version 12.00
# Visual Studio 15
Project("{FAE04EC0-301F-11D3-BF4B-00C04F79EFBC}") = "Horsemen of the Apocalypse", "Assembly-CSharp.csproj", "{F78ADCDD-A0FE-9D7A-31A0-4CE4AB5BE79E}"
EndProject
Global
	GlobalSection(SolutionConfigurationPlatforms) = preSolution
		Debug|Any CPU = Debug|Any CPU
		Release|Any CPU = Release|Any CPU
	EndGlobalSection
	GlobalSection(ProjectConfigurationPlatforms) = postSolution
		{F78ADCDD-A0FE-9D7A-31A0-4CE4AB5BE79E}.Debug|Any CPU.ActiveCfg = Debug|Any CPU
		{F78ADCDD-A0FE-9D7A-31A0-4CE4AB5BE79E}.Debug|Any CPU.Build.0 = Debug|Any CPU
		{F78ADCDD-A0FE-9D7A-31A0-4CE4AB5BE79E}.Release|Any CPU.ActiveCfg = Release|Any CPU
		{F78ADCDD-A0FE-9D7A-31A0-4CE4AB5BE79E}.Release|Any CPU.Build.0 = Release|Any CPU
	EndGlobalSection
	GlobalSection(SolutionProperties) = preSolution
		HideSolutionNode = FALSE
	EndGlobalSection
EndGlobal
